
Microsoft Visual Studio Solution File, Format Version 12.00
# Visual Studio 2012
Project("{FAE04EC0-301F-11D3-BF4B-00C04F79EFBC}") = "FloatLabeledEntry.iOS", "FloatLabeledEntry.iOS\FloatLabeledEntry.iOS.csproj", "{5D6A24DE-BDD5-477F-A203-0F41ABBA26E5}"
EndProject
Project("{FAE04EC0-301F-11D3-BF4B-00C04F79EFBC}") = "FloatLabeledEntry.iOS.Dialog", "FloatLabeledEntry.iOS.Dialog\FloatLabeledEntry.iOS.Dialog.csproj", "{264A65CA-5AA4-4A4A-9950-511FCE0A80F8}"
EndProject
Global
	GlobalSection(SolutionConfigurationPlatforms) = preSolution
		Debug|Any CPU = Debug|Any CPU
		Release|Any CPU = Release|Any CPU
	EndGlobalSection
	GlobalSection(ProjectConfigurationPlatforms) = postSolution
		{264A65CA-5AA4-4A4A-9950-511FCE0A80F8}.Debug|Any CPU.ActiveCfg = Debug|Any CPU
		{264A65CA-5AA4-4A4A-9950-511FCE0A80F8}.Debug|Any CPU.Build.0 = Debug|Any CPU
		{264A65CA-5AA4-4A4A-9950-511FCE0A80F8}.Release|Any CPU.ActiveCfg = Release|Any CPU
		{264A65CA-5AA4-4A4A-9950-511FCE0A80F8}.Release|Any CPU.Build.0 = Release|Any CPU
		{5D6A24DE-BDD5-477F-A203-0F41ABBA26E5}.Debug|Any CPU.ActiveCfg = Debug|Any CPU
		{5D6A24DE-BDD5-477F-A203-0F41ABBA26E5}.Debug|Any CPU.Build.0 = Debug|Any CPU
		{5D6A24DE-BDD5-477F-A203-0F41ABBA26E5}.Release|Any CPU.ActiveCfg = Release|Any CPU
		{5D6A24DE-BDD5-477F-A203-0F41ABBA26E5}.Release|Any CPU.Build.0 = Release|Any CPU
	EndGlobalSection
EndGlobal
